
Microsoft Visual Studio Solution File, Format Version 12.00
# Visual Studio Version 17
VisualStudioVersion = 17.0.31903.59
MinimumVisualStudioVersion = 10.0.40219.1
Project("{9A19103F-16F7-4668-BE54-9A1E7A4F7556}") = "SoftJail", "SoftJail\SoftJail.csproj", "{B3A112C9-15D1-47E6-895D-6D381C436243}"
EndProject
Project("{FAE04EC0-301F-11D3-BF4B-00C04F79EFBC}") = "SoftJail.Tests", "UnitTests\SoftJail.Tests.csproj", "{4148E6BE-0232-40D5-9AEB-CF96A85F33AB}"
EndProject
Global
	GlobalSection(SolutionConfigurationPlatforms) = preSolution
		Debug|Any CPU = Debug|Any CPU
		Release|Any CPU = Release|Any CPU
	EndGlobalSection
	GlobalSection(ProjectConfigurationPlatforms) = postSolution
		{B3A112C9-15D1-47E6-895D-6D381C436243}.Debug|Any CPU.ActiveCfg = Debug|Any CPU
		{B3A112C9-15D1-47E6-895D-6D381C436243}.Debug|Any CPU.Build.0 = Debug|Any CPU
		{B3A112C9-15D1-47E6-895D-6D381C436243}.Release|Any CPU.ActiveCfg = Release|Any CPU
		{B3A112C9-15D1-47E6-895D-6D381C436243}.Release|Any CPU.Build.0 = Release|Any CPU
		{4148E6BE-0232-40D5-9AEB-CF96A85F33AB}.Debug|Any CPU.ActiveCfg = Debug|Any CPU
		{4148E6BE-0232-40D5-9AEB-CF96A85F33AB}.Debug|Any CPU.Build.0 = Debug|Any CPU
		{4148E6BE-0232-40D5-9AEB-CF96A85F33AB}.Release|Any CPU.ActiveCfg = Release|Any CPU
		{4148E6BE-0232-40D5-9AEB-CF96A85F33AB}.Release|Any CPU.Build.0 = Release|Any CPU
	EndGlobalSection
	GlobalSection(SolutionProperties) = preSolution
		HideSolutionNode = FALSE
	EndGlobalSection
	GlobalSection(ExtensibilityGlobals) = postSolution
		SolutionGuid = {994022F9-7A30-46DF-BC21-3B62FD63882E}
	EndGlobalSection
EndGlobal
